{
  "name": "flan-4-ai",
  "version": "1.0.0",
  "lockfileVersion": 3,
  "requires": true,
  "packages": {
    "": {
      "name": "flan-4-ai",
      "version": "1.0.0",
      "license": "MIT",
      "dependencies": {
        "node-replicate": "^2.0.0"
      }
    },
    "node_modules/chiaki": {
      "version": "2.0.0",
      "resolved": "https://registry.npmjs.org/chiaki/-/chiaki-2.0.0.tgz",
      "integrity": "sha512-XCLb713fLcGC4hFG+3Fn9n80jws7vJsaF0TEOBp59OvtCRK7S+0UF4+DCvcSvs51M/dj2IHzn0667jd5MPb5oQ==",
      "dependencies": {
        "unstreamify": "^2.0.0"
      }
    },
    "node_modules/node-replicate": {
      "version": "2.0.0",
      "resolved": "https://registry.npmjs.org/node-replicate/-/node-replicate-2.0.0.tgz",
      "integrity": "sha512-vJ8wDLpDh+zEznpTgRdO52+JG5g/mEaon0y9DTkvfMwZ16XjuxnCUGpfS9P8Oea3VXH1+bZJ++a/NzjPhN6QaA==",
      "dependencies": {
        "chiaki": "^2.0.0"
      }
    },
    "node_modules/unstreamify": {
      "version": "2.0.0",
      "resolved": "https://registry.npmjs.org/unstreamify/-/unstreamify-2.0.0.tgz",
      "integrity": "sha512-u4UWtoJglG5dlinKPrr0cdGOL9eGozILn1EmzQ0oforHVM+M/WB8ibwwlEQlbTYMDMIJe6TK/sbVN5WS7ePOxA=="
    }
  }
}
